
Microsoft Visual Studio Solution File, Format Version 12.00
# Visual Studio 15
VisualStudioVersion = 15.0.28010.2016
MinimumVisualStudioVersion = 10.0.40219.1
Project("{FAE04EC0-301F-11D3-BF4B-00C04F79EFBC}") = "RevitFamilyImagePrinter", "RevitFamilyImagePrinter\RevitFamilyImagePrinter.csproj", "{8DDF2935-2D63-44EF-9011-6CEBDB62076B}"
EndProject
Project("{54435603-DBB4-11D2-8724-00A0C9A8B90C}") = "InstallerImagePrinter", "InstallerImagePrinter\InstallerImagePrinter.vdproj", "{2F1D078F-0582-480D-9797-E2BED8E7D54B}"
EndProject
Global
	GlobalSection(SolutionConfigurationPlatforms) = preSolution
		Debug|Any CPU = Debug|Any CPU
		Release|Any CPU = Release|Any CPU
	EndGlobalSection
	GlobalSection(ProjectConfigurationPlatforms) = postSolution
		{8DDF2935-2D63-44EF-9011-6CEBDB62076B}.Debug|Any CPU.ActiveCfg = Debug|Any CPU
		{8DDF2935-2D63-44EF-9011-6CEBDB62076B}.Debug|Any CPU.Build.0 = Debug|Any CPU
		{8DDF2935-2D63-44EF-9011-6CEBDB62076B}.Release|Any CPU.ActiveCfg = Release|Any CPU
		{8DDF2935-2D63-44EF-9011-6CEBDB62076B}.Release|Any CPU.Build.0 = Release|Any CPU
		{2F1D078F-0582-480D-9797-E2BED8E7D54B}.Debug|Any CPU.ActiveCfg = Debug
		{2F1D078F-0582-480D-9797-E2BED8E7D54B}.Release|Any CPU.ActiveCfg = Release
	EndGlobalSection
	GlobalSection(SolutionProperties) = preSolution
		HideSolutionNode = FALSE
	EndGlobalSection
	GlobalSection(ExtensibilityGlobals) = postSolution
		SolutionGuid = {3C994B35-5EF3-4076-999D-557CA2EF0575}
	EndGlobalSection
EndGlobal
